
Microsoft Visual Studio Solution File, Format Version 12.00
# Visual Studio 15
VisualStudioVersion = 15.0.28010.2048
MinimumVisualStudioVersion = 10.0.40219.1
Project("{9A19103F-16F7-4668-BE54-9A1E7A4F7556}") = "WoMFramework", "WoMFramework\WoMFramework.csproj", "{87582582-1C49-4B54-9A52-C293EFBF9663}"
EndProject
Project("{9A19103F-16F7-4668-BE54-9A1E7A4F7556}") = "WoMFrameworkTest", "WoMFrameworkTest\WoMFrameworkTest.csproj", "{F4ED28D5-D338-4A46-8EDC-E6222062F7F9}"
EndProject
Global
	GlobalSection(SolutionConfigurationPlatforms) = preSolution
		Debug|Any CPU = Debug|Any CPU
		Release|Any CPU = Release|Any CPU
	EndGlobalSection
	GlobalSection(ProjectConfigurationPlatforms) = postSolution
		{87582582-1C49-4B54-9A52-C293EFBF9663}.Debug|Any CPU.ActiveCfg = Debug|Any CPU
		{87582582-1C49-4B54-9A52-C293EFBF9663}.Debug|Any CPU.Build.0 = Debug|Any CPU
		{87582582-1C49-4B54-9A52-C293EFBF9663}.Release|Any CPU.ActiveCfg = Release|Any CPU
		{87582582-1C49-4B54-9A52-C293EFBF9663}.Release|Any CPU.Build.0 = Release|Any CPU
		{F4ED28D5-D338-4A46-8EDC-E6222062F7F9}.Debug|Any CPU.ActiveCfg = Debug|Any CPU
		{F4ED28D5-D338-4A46-8EDC-E6222062F7F9}.Debug|Any CPU.Build.0 = Debug|Any CPU
		{F4ED28D5-D338-4A46-8EDC-E6222062F7F9}.Release|Any CPU.ActiveCfg = Release|Any CPU
		{F4ED28D5-D338-4A46-8EDC-E6222062F7F9}.Release|Any CPU.Build.0 = Release|Any CPU
	EndGlobalSection
	GlobalSection(SolutionProperties) = preSolution
		HideSolutionNode = FALSE
	EndGlobalSection
	GlobalSection(ExtensibilityGlobals) = postSolution
		SolutionGuid = {B4AEAAFD-2959-4D54-96A4-D2740AEE65CA}
	EndGlobalSection
EndGlobal
